
Microsoft Visual Studio Solution File, Format Version 12.00
# Visual Studio Version 17
VisualStudioVersion = 17.13.35806.99 d17.13
MinimumVisualStudioVersion = 10.0.40219.1
Project("{FAE04EC0-301F-11D3-BF4B-00C04F79EFBC}") = "DoAn8", "DoAn8\DoAn8.csproj", "{47D98669-19B7-46F6-9506-DA0E4A465B4A}"
EndProject
Global
	GlobalSection(SolutionConfigurationPlatforms) = preSolution
		Debug|Any CPU = Debug|Any CPU
		Release|Any CPU = Release|Any CPU
	EndGlobalSection
	GlobalSection(ProjectConfigurationPlatforms) = postSolution
		{47D98669-19B7-46F6-9506-DA0E4A465B4A}.Debug|Any CPU.ActiveCfg = Debug|Any CPU
		{47D98669-19B7-46F6-9506-DA0E4A465B4A}.Debug|Any CPU.Build.0 = Debug|Any CPU
		{47D98669-19B7-46F6-9506-DA0E4A465B4A}.Release|Any CPU.ActiveCfg = Release|Any CPU
		{47D98669-19B7-46F6-9506-DA0E4A465B4A}.Release|Any CPU.Build.0 = Release|Any CPU
	EndGlobalSection
	GlobalSection(SolutionProperties) = preSolution
		HideSolutionNode = FALSE
	EndGlobalSection
	GlobalSection(ExtensibilityGlobals) = postSolution
		SolutionGuid = {9DDA81D8-34AF-4B2D-A724-F00BF324225D}
	EndGlobalSection
EndGlobal
